
Microsoft Visual Studio Solution File, Format Version 12.00
# Visual Studio Version 16
VisualStudioVersion = 16.0.30907.101
MinimumVisualStudioVersion = 10.0.40219.1
Project("{FAE04EC0-301F-11D3-BF4B-00C04F79EFBC}") = "Homework_Lesson5_TininA_Task1", "Homework_Lesson5_TininA\Homework_Lesson5_TininA_Task1.csproj", "{F5CDCB47-D2F7-4302-A54A-61B52E9CE1DB}"
EndProject
Project("{FAE04EC0-301F-11D3-BF4B-00C04F79EFBC}") = "Homework_Lesson5_TininA_Task3", "Homework_Lesson5_TininA_Task2\Homework_Lesson5_TininA_Task3.csproj", "{DA47DFB2-F633-4DDF-9B3C-CE60D636ACDD}"
EndProject
Project("{FAE04EC0-301F-11D3-BF4B-00C04F79EFBC}") = "Homework_Lesson5_TininA_Task6", "Homework_Lesson5_TininA_Task6\Homework_Lesson5_TininA_Task6.csproj", "{180A71A1-D69D-4BDC-83DF-BF67C1C96851}"
EndProject
Project("{FAE04EC0-301F-11D3-BF4B-00C04F79EFBC}") = "Homework_Lesson5_TininA_Task5", "Homework_Lesson5_TininA_Task5\Homework_Lesson5_TininA_Task5.csproj", "{C1BF9774-E2D3-48B5-9631-B90FE0A0D27B}"
EndProject
Global
	GlobalSection(SolutionConfigurationPlatforms) = preSolution
		Debug|Any CPU = Debug|Any CPU
		Release|Any CPU = Release|Any CPU
	EndGlobalSection
	GlobalSection(ProjectConfigurationPlatforms) = postSolution
		{F5CDCB47-D2F7-4302-A54A-61B52E9CE1DB}.Debug|Any CPU.ActiveCfg = Debug|Any CPU
		{F5CDCB47-D2F7-4302-A54A-61B52E9CE1DB}.Debug|Any CPU.Build.0 = Debug|Any CPU
		{F5CDCB47-D2F7-4302-A54A-61B52E9CE1DB}.Release|Any CPU.ActiveCfg = Release|Any CPU
		{F5CDCB47-D2F7-4302-A54A-61B52E9CE1DB}.Release|Any CPU.Build.0 = Release|Any CPU
		{DA47DFB2-F633-4DDF-9B3C-CE60D636ACDD}.Debug|Any CPU.ActiveCfg = Debug|Any CPU
		{DA47DFB2-F633-4DDF-9B3C-CE60D636ACDD}.Debug|Any CPU.Build.0 = Debug|Any CPU
		{DA47DFB2-F633-4DDF-9B3C-CE60D636ACDD}.Release|Any CPU.ActiveCfg = Release|Any CPU
		{DA47DFB2-F633-4DDF-9B3C-CE60D636ACDD}.Release|Any CPU.Build.0 = Release|Any CPU
		{180A71A1-D69D-4BDC-83DF-BF67C1C96851}.Debug|Any CPU.ActiveCfg = Debug|Any CPU
		{180A71A1-D69D-4BDC-83DF-BF67C1C96851}.Debug|Any CPU.Build.0 = Debug|Any CPU
		{180A71A1-D69D-4BDC-83DF-BF67C1C96851}.Release|Any CPU.ActiveCfg = Release|Any CPU
		{180A71A1-D69D-4BDC-83DF-BF67C1C96851}.Release|Any CPU.Build.0 = Release|Any CPU
		{C1BF9774-E2D3-48B5-9631-B90FE0A0D27B}.Debug|Any CPU.ActiveCfg = Debug|Any CPU
		{C1BF9774-E2D3-48B5-9631-B90FE0A0D27B}.Debug|Any CPU.Build.0 = Debug|Any CPU
		{C1BF9774-E2D3-48B5-9631-B90FE0A0D27B}.Release|Any CPU.ActiveCfg = Release|Any CPU
		{C1BF9774-E2D3-48B5-9631-B90FE0A0D27B}.Release|Any CPU.Build.0 = Release|Any CPU
	EndGlobalSection
	GlobalSection(SolutionProperties) = preSolution
		HideSolutionNode = FALSE
	EndGlobalSection
	GlobalSection(ExtensibilityGlobals) = postSolution
		SolutionGuid = {8FD796C8-980C-4BAA-8C74-BD626C383DDA}
	EndGlobalSection
EndGlobal
