
Microsoft Visual Studio Solution File, Format Version 12.00
# Visual Studio Version 16
VisualStudioVersion = 16.0.30907.101
MinimumVisualStudioVersion = 10.0.40219.1
Project("{FAE04EC0-301F-11D3-BF4B-00C04F79EFBC}") = "Homework_Lesson8_TininA", "Homework_Lesson8_TininA.csproj", "{478E34B1-ED77-4406-9853-435338225062}"
EndProject
Global
	GlobalSection(SolutionConfigurationPlatforms) = preSolution
		Debug|Any CPU = Debug|Any CPU
		Release|Any CPU = Release|Any CPU
	EndGlobalSection
	GlobalSection(ProjectConfigurationPlatforms) = postSolution
		{478E34B1-ED77-4406-9853-435338225062}.Debug|Any CPU.ActiveCfg = Debug|Any CPU
		{478E34B1-ED77-4406-9853-435338225062}.Debug|Any CPU.Build.0 = Debug|Any CPU
		{478E34B1-ED77-4406-9853-435338225062}.Release|Any CPU.ActiveCfg = Release|Any CPU
		{478E34B1-ED77-4406-9853-435338225062}.Release|Any CPU.Build.0 = Release|Any CPU
	EndGlobalSection
	GlobalSection(SolutionProperties) = preSolution
		HideSolutionNode = FALSE
	EndGlobalSection
	GlobalSection(ExtensibilityGlobals) = postSolution
		SolutionGuid = {A0374891-0B61-4E01-AC0B-0E6F0B674F5D}
	EndGlobalSection
EndGlobal
