
Microsoft Visual Studio Solution File, Format Version 12.00
# Visual Studio Version 16
VisualStudioVersion = 16.0.30717.126
MinimumVisualStudioVersion = 10.0.40219.1
Project("{FAE04EC0-301F-11D3-BF4B-00C04F79EFBC}") = "Homework_Lesson3_TininA", "Homework_Lesson3_TininA.csproj", "{7CAFDCDA-414D-4138-8554-B3B50DAEEA6E}"
EndProject
Global
	GlobalSection(SolutionConfigurationPlatforms) = preSolution
		Debug|Any CPU = Debug|Any CPU
		Release|Any CPU = Release|Any CPU
	EndGlobalSection
	GlobalSection(ProjectConfigurationPlatforms) = postSolution
		{7CAFDCDA-414D-4138-8554-B3B50DAEEA6E}.Debug|Any CPU.ActiveCfg = Debug|Any CPU
		{7CAFDCDA-414D-4138-8554-B3B50DAEEA6E}.Debug|Any CPU.Build.0 = Debug|Any CPU
		{7CAFDCDA-414D-4138-8554-B3B50DAEEA6E}.Release|Any CPU.ActiveCfg = Release|Any CPU
		{7CAFDCDA-414D-4138-8554-B3B50DAEEA6E}.Release|Any CPU.Build.0 = Release|Any CPU
	EndGlobalSection
	GlobalSection(SolutionProperties) = preSolution
		HideSolutionNode = FALSE
	EndGlobalSection
	GlobalSection(ExtensibilityGlobals) = postSolution
		SolutionGuid = {B5DDE58C-1FE9-41FB-BB99-39BF05E691E0}
	EndGlobalSection
EndGlobal
